
Microsoft Visual Studio Solution File, Format Version 12.00
# Visual Studio 2013
VisualStudioVersion = 12.0.21005.1
MinimumVisualStudioVersion = 10.0.40219.1
Project("{FAE04EC0-301F-11D3-BF4B-00C04F79EFBC}") = "TestBuyincoins", "TestBuyincoins\TestBuyincoins.csproj", "{7B27D969-B8C1-452D-866E-1E3E5B9A3E1D}"
EndProject
Project("{FAE04EC0-301F-11D3-BF4B-00C04F79EFBC}") = "TestBuyincoins_Framework", "Framework_My\TestBuyincoins_Framework.csproj", "{6DBD3B10-FEDD-4963-8D09-D23A6D83E761}"
EndProject
Project("{2150E333-8FDC-42A3-9474-1A3956D46DE8}") = ".nuget", ".nuget", "{A866721E-F515-45F1-9AD8-DAB54C8C850A}"
	ProjectSection(SolutionItems) = preProject
		.nuget\packages.config = .nuget\packages.config
	EndProjectSection
EndProject
Global
	GlobalSection(SolutionConfigurationPlatforms) = preSolution
		Debug|Any CPU = Debug|Any CPU
		Release|Any CPU = Release|Any CPU
	EndGlobalSection
	GlobalSection(ProjectConfigurationPlatforms) = postSolution
		{7B27D969-B8C1-452D-866E-1E3E5B9A3E1D}.Debug|Any CPU.ActiveCfg = Debug|Any CPU
		{7B27D969-B8C1-452D-866E-1E3E5B9A3E1D}.Debug|Any CPU.Build.0 = Debug|Any CPU
		{7B27D969-B8C1-452D-866E-1E3E5B9A3E1D}.Release|Any CPU.ActiveCfg = Release|Any CPU
		{7B27D969-B8C1-452D-866E-1E3E5B9A3E1D}.Release|Any CPU.Build.0 = Release|Any CPU
		{6DBD3B10-FEDD-4963-8D09-D23A6D83E761}.Debug|Any CPU.ActiveCfg = Debug|Any CPU
		{6DBD3B10-FEDD-4963-8D09-D23A6D83E761}.Debug|Any CPU.Build.0 = Debug|Any CPU
		{6DBD3B10-FEDD-4963-8D09-D23A6D83E761}.Release|Any CPU.ActiveCfg = Release|Any CPU
		{6DBD3B10-FEDD-4963-8D09-D23A6D83E761}.Release|Any CPU.Build.0 = Release|Any CPU
	EndGlobalSection
	GlobalSection(SolutionProperties) = preSolution
		HideSolutionNode = FALSE
	EndGlobalSection
EndGlobal
